
Microsoft Visual Studio Solution File, Format Version 12.00
# Visual Studio Version 16
VisualStudioVersion = 16.0.31911.196
MinimumVisualStudioVersion = 10.0.40219.1
Project("{8BC9CEB8-8B4A-11D0-8D11-00A0C91BC942}") = "TaxiApp", "TaxiApp\TaxiApp.vcxproj", "{FDC99BCB-B474-4653-8349-4DFDE6CFDC90}"
EndProject
Global
	GlobalSection(SolutionConfigurationPlatforms) = preSolution
		Debug|x64 = Debug|x64
		Debug|x86 = Debug|x86
		Release|x64 = Release|x64
		Release|x86 = Release|x86
	EndGlobalSection
	GlobalSection(ProjectConfigurationPlatforms) = postSolution
		{FDC99BCB-B474-4653-8349-4DFDE6CFDC90}.Debug|x64.ActiveCfg = Debug|x64
		{FDC99BCB-B474-4653-8349-4DFDE6CFDC90}.Debug|x64.Build.0 = Debug|x64
		{FDC99BCB-B474-4653-8349-4DFDE6CFDC90}.Debug|x86.ActiveCfg = Debug|Win32
		{FDC99BCB-B474-4653-8349-4DFDE6CFDC90}.Debug|x86.Build.0 = Debug|Win32
		{FDC99BCB-B474-4653-8349-4DFDE6CFDC90}.Release|x64.ActiveCfg = Release|x64
		{FDC99BCB-B474-4653-8349-4DFDE6CFDC90}.Release|x64.Build.0 = Release|x64
		{FDC99BCB-B474-4653-8349-4DFDE6CFDC90}.Release|x86.ActiveCfg = Release|Win32
		{FDC99BCB-B474-4653-8349-4DFDE6CFDC90}.Release|x86.Build.0 = Release|Win32
	EndGlobalSection
	GlobalSection(SolutionProperties) = preSolution
		HideSolutionNode = FALSE
	EndGlobalSection
	GlobalSection(ExtensibilityGlobals) = postSolution
		SolutionGuid = {A6C952C3-F7A3-471E-A637-ADC182C4AA1D}
	EndGlobalSection
EndGlobal
